Microsoft Visual Studio Solution File, Format Version 12.00
# Visual Studio Version 17
VisualStudioVersion = 17.5.2.0
MinimumVisualStudioVersion = 10.0.40219.1
Project("{FAE04EC0-301F-11D3-BF4B-00C04F79EFBC}") = "clivros_api", "clivros_api\clivros_api.csproj", "{3B8BD456-A35D-D6FE-C0DC-2D5E554AF3D7}"
EndProject
Global
	GlobalSection(SolutionConfigurationPlatforms) = preSolution
		Debug|Any CPU = Debug|Any CPU
		Release|Any CPU = Release|Any CPU
	EndGlobalSection
	GlobalSection(ProjectConfigurationPlatforms) = postSolution
		{3B8BD456-A35D-D6FE-C0DC-2D5E554AF3D7}.Debug|Any CPU.ActiveCfg = Debug|Any CPU
		{3B8BD456-A35D-D6FE-C0DC-2D5E554AF3D7}.Debug|Any CPU.Build.0 = Debug|Any CPU
		{3B8BD456-A35D-D6FE-C0DC-2D5E554AF3D7}.Release|Any CPU.ActiveCfg = Release|Any CPU
		{3B8BD456-A35D-D6FE-C0DC-2D5E554AF3D7}.Release|Any CPU.Build.0 = Release|Any CPU
	EndGlobalSection
	GlobalSection(SolutionProperties) = preSolution
		HideSolutionNode = FALSE
	EndGlobalSection
	GlobalSection(ExtensibilityGlobals) = postSolution
		SolutionGuid = {C0C1D64B-080F-45AE-A228-14726726E8DA}
	EndGlobalSection
EndGlobal
